
Microsoft Visual Studio Solution File, Format Version 12.00
# Visual Studio Version 17
VisualStudioVersion = 17.0.31903.59
MinimumVisualStudioVersion = 10.0.40219.1
Project("{2150E333-8FDC-42A3-9474-1A3956D46DE8}") = "src", "src", "{827E0CD3-B72D-47B6-A68D-7590B98EB39B}"
EndProject
Project("{FAE04EC0-301F-11D3-BF4B-00C04F79EFBC}") = "Kanriya.Server", "src\Kanriya.Server\Kanriya.Server.csproj", "{0DA7A6BA-9314-4A61-888B-B6ABE4B2A21F}"
EndProject
Project("{FAE04EC0-301F-11D3-BF4B-00C04F79EFBC}") = "Kanriya.Shared", "src\Kanriya.Shared\Kanriya.Shared.csproj", "{E9FABB31-AC09-436A-96D3-2A5C1D5494F0}"
EndProject
Project("{2150E333-8FDC-42A3-9474-1A3956D46DE8}") = "Kanriya.Client.Avalonia", "Kanriya.Client.Avalonia", "{78C3ED08-101F-0E49-1314-027D145B7759}"
EndProject
Project("{FAE04EC0-301F-11D3-BF4B-00C04F79EFBC}") = "Kanriya.Client.Avalonia", "src\Kanriya.Client.Avalonia\Kanriya.Client.Avalonia\Kanriya.Client.Avalonia.csproj", "{022345B6-50CB-422F-92B5-1F400AE70618}"
EndProject
Project("{FAE04EC0-301F-11D3-BF4B-00C04F79EFBC}") = "Kanriya.Client.Avalonia.Desktop", "src\Kanriya.Client.Avalonia\Kanriya.Client.Avalonia.Desktop\Kanriya.Client.Avalonia.Desktop.csproj", "{6C737FA6-10DD-41F5-B042-F15C8D017DE4}"
EndProject
Project("{FAE04EC0-301F-11D3-BF4B-00C04F79EFBC}") = "Kanriya.Client.Avalonia.Browser", "src\Kanriya.Client.Avalonia\Kanriya.Client.Avalonia.Browser\Kanriya.Client.Avalonia.Browser.csproj", "{79B48255-885E-4B5F-BB6C-4BD346640C57}"
EndProject
Project("{FAE04EC0-301F-11D3-BF4B-00C04F79EFBC}") = "Kanriya.Tests", "src\Kanriya.Tests\Kanriya.Tests.csproj", "{F8C39753-2EF1-4E18-A7A7-9274CB49EAB0}"
EndProject
Project("{FAE04EC0-301F-11D3-BF4B-00C04F79EFBC}") = "Kanriya.Client.Avalonia.Android", "src\Kanriya.Client.Avalonia\Kanriya.Client.Avalonia.Android\Kanriya.Client.Avalonia.Android.csproj", "{A43145D7-01BC-44E7-B2F1-53EA84C06A4C}"
EndProject
Project("{FAE04EC0-301F-11D3-BF4B-00C04F79EFBC}") = "Kanriya.Client.Avalonia.iOS", "src\Kanriya.Client.Avalonia\Kanriya.Client.Avalonia.iOS\Kanriya.Client.Avalonia.iOS.csproj", "{7CB90F14-E08C-4CEE-8155-A7CEC0560A70}"
EndProject
Global
	GlobalSection(SolutionConfigurationPlatforms) = preSolution
		Debug|Any CPU = Debug|Any CPU
		Debug|x64 = Debug|x64
		Debug|x86 = Debug|x86
		Release|Any CPU = Release|Any CPU
		Release|x64 = Release|x64
		Release|x86 = Release|x86
	EndGlobalSection
	GlobalSection(ProjectConfigurationPlatforms) = postSolution
		{0DA7A6BA-9314-4A61-888B-B6ABE4B2A21F}.Debug|Any CPU.ActiveCfg = Debug|Any CPU
		{0DA7A6BA-9314-4A61-888B-B6ABE4B2A21F}.Debug|Any CPU.Build.0 = Debug|Any CPU
		{0DA7A6BA-9314-4A61-888B-B6ABE4B2A21F}.Debug|x64.ActiveCfg = Debug|Any CPU
		{0DA7A6BA-9314-4A61-888B-B6ABE4B2A21F}.Debug|x64.Build.0 = Debug|Any CPU
		{0DA7A6BA-9314-4A61-888B-B6ABE4B2A21F}.Debug|x86.ActiveCfg = Debug|Any CPU
		{0DA7A6BA-9314-4A61-888B-B6ABE4B2A21F}.Debug|x86.Build.0 = Debug|Any CPU
		{0DA7A6BA-9314-4A61-888B-B6ABE4B2A21F}.Release|Any CPU.ActiveCfg = Release|Any CPU
		{0DA7A6BA-9314-4A61-888B-B6ABE4B2A21F}.Release|Any CPU.Build.0 = Release|Any CPU
		{0DA7A6BA-9314-4A61-888B-B6ABE4B2A21F}.Release|x64.ActiveCfg = Release|Any CPU
		{0DA7A6BA-9314-4A61-888B-B6ABE4B2A21F}.Release|x64.Build.0 = Release|Any CPU
		{0DA7A6BA-9314-4A61-888B-B6ABE4B2A21F}.Release|x86.ActiveCfg = Release|Any CPU
		{0DA7A6BA-9314-4A61-888B-B6ABE4B2A21F}.Release|x86.Build.0 = Release|Any CPU
		{E9FABB31-AC09-436A-96D3-2A5C1D5494F0}.Debug|Any CPU.ActiveCfg = Debug|Any CPU
		{E9FABB31-AC09-436A-96D3-2A5C1D5494F0}.Debug|Any CPU.Build.0 = Debug|Any CPU
		{E9FABB31-AC09-436A-96D3-2A5C1D5494F0}.Debug|x64.ActiveCfg = Debug|Any CPU
		{E9FABB31-AC09-436A-96D3-2A5C1D5494F0}.Debug|x64.Build.0 = Debug|Any CPU
		{E9FABB31-AC09-436A-96D3-2A5C1D5494F0}.Debug|x86.ActiveCfg = Debug|Any CPU
		{E9FABB31-AC09-436A-96D3-2A5C1D5494F0}.Debug|x86.Build.0 = Debug|Any CPU
		{E9FABB31-AC09-436A-96D3-2A5C1D5494F0}.Release|Any CPU.ActiveCfg = Release|Any CPU
		{E9FABB31-AC09-436A-96D3-2A5C1D5494F0}.Release|Any CPU.Build.0 = Release|Any CPU
		{E9FABB31-AC09-436A-96D3-2A5C1D5494F0}.Release|x64.ActiveCfg = Release|Any CPU
		{E9FABB31-AC09-436A-96D3-2A5C1D5494F0}.Release|x64.Build.0 = Release|Any CPU
		{E9FABB31-AC09-436A-96D3-2A5C1D5494F0}.Release|x86.ActiveCfg = Release|Any CPU
		{E9FABB31-AC09-436A-96D3-2A5C1D5494F0}.Release|x86.Build.0 = Release|Any CPU
		{022345B6-50CB-422F-92B5-1F400AE70618}.Debug|Any CPU.ActiveCfg = Debug|Any CPU
		{022345B6-50CB-422F-92B5-1F400AE70618}.Debug|Any CPU.Build.0 = Debug|Any CPU
		{022345B6-50CB-422F-92B5-1F400AE70618}.Debug|x64.ActiveCfg = Debug|Any CPU
		{022345B6-50CB-422F-92B5-1F400AE70618}.Debug|x64.Build.0 = Debug|Any CPU
		{022345B6-50CB-422F-92B5-1F400AE70618}.Debug|x86.ActiveCfg = Debug|Any CPU
		{022345B6-50CB-422F-92B5-1F400AE70618}.Debug|x86.Build.0 = Debug|Any CPU
		{022345B6-50CB-422F-92B5-1F400AE70618}.Release|Any CPU.ActiveCfg = Release|Any CPU
		{022345B6-50CB-422F-92B5-1F400AE70618}.Release|Any CPU.Build.0 = Release|Any CPU
		{022345B6-50CB-422F-92B5-1F400AE70618}.Release|x64.ActiveCfg = Release|Any CPU
		{022345B6-50CB-422F-92B5-1F400AE70618}.Release|x64.Build.0 = Release|Any CPU
		{022345B6-50CB-422F-92B5-1F400AE70618}.Release|x86.ActiveCfg = Release|Any CPU
		{022345B6-50CB-422F-92B5-1F400AE70618}.Release|x86.Build.0 = Release|Any CPU
		{6C737FA6-10DD-41F5-B042-F15C8D017DE4}.Debug|Any CPU.ActiveCfg = Debug|Any CPU
		{6C737FA6-10DD-41F5-B042-F15C8D017DE4}.Debug|Any CPU.Build.0 = Debug|Any CPU
		{6C737FA6-10DD-41F5-B042-F15C8D017DE4}.Debug|x64.ActiveCfg = Debug|Any CPU
		{6C737FA6-10DD-41F5-B042-F15C8D017DE4}.Debug|x64.Build.0 = Debug|Any CPU
		{6C737FA6-10DD-41F5-B042-F15C8D017DE4}.Debug|x86.ActiveCfg = Debug|Any CPU
		{6C737FA6-10DD-41F5-B042-F15C8D017DE4}.Debug|x86.Build.0 = Debug|Any CPU
		{6C737FA6-10DD-41F5-B042-F15C8D017DE4}.Release|Any CPU.ActiveCfg = Release|Any CPU
		{6C737FA6-10DD-41F5-B042-F15C8D017DE4}.Release|Any CPU.Build.0 = Release|Any CPU
		{6C737FA6-10DD-41F5-B042-F15C8D017DE4}.Release|x64.ActiveCfg = Release|Any CPU
		{6C737FA6-10DD-41F5-B042-F15C8D017DE4}.Release|x64.Build.0 = Release|Any CPU
		{6C737FA6-10DD-41F5-B042-F15C8D017DE4}.Release|x86.ActiveCfg = Release|Any CPU
		{6C737FA6-10DD-41F5-B042-F15C8D017DE4}.Release|x86.Build.0 = Release|Any CPU
		{79B48255-885E-4B5F-BB6C-4BD346640C57}.Debug|Any CPU.ActiveCfg = Debug|Any CPU
		{79B48255-885E-4B5F-BB6C-4BD346640C57}.Debug|Any CPU.Build.0 = Debug|Any CPU
		{79B48255-885E-4B5F-BB6C-4BD346640C57}.Debug|x64.ActiveCfg = Debug|Any CPU
		{79B48255-885E-4B5F-BB6C-4BD346640C57}.Debug|x64.Build.0 = Debug|Any CPU
		{79B48255-885E-4B5F-BB6C-4BD346640C57}.Debug|x86.ActiveCfg = Debug|Any CPU
		{79B48255-885E-4B5F-BB6C-4BD346640C57}.Debug|x86.Build.0 = Debug|Any CPU
		{79B48255-885E-4B5F-BB6C-4BD346640C57}.Release|Any CPU.ActiveCfg = Release|Any CPU
		{79B48255-885E-4B5F-BB6C-4BD346640C57}.Release|Any CPU.Build.0 = Release|Any CPU
		{79B48255-885E-4B5F-BB6C-4BD346640C57}.Release|x64.ActiveCfg = Release|Any CPU
		{79B48255-885E-4B5F-BB6C-4BD346640C57}.Release|x64.Build.0 = Release|Any CPU
		{79B48255-885E-4B5F-BB6C-4BD346640C57}.Release|x86.ActiveCfg = Release|Any CPU
		{79B48255-885E-4B5F-BB6C-4BD346640C57}.Release|x86.Build.0 = Release|Any CPU
		{F8C39753-2EF1-4E18-A7A7-9274CB49EAB0}.Debug|Any CPU.ActiveCfg = Debug|Any CPU
		{F8C39753-2EF1-4E18-A7A7-9274CB49EAB0}.Debug|Any CPU.Build.0 = Debug|Any CPU
		{F8C39753-2EF1-4E18-A7A7-9274CB49EAB0}.Debug|x64.ActiveCfg = Debug|Any CPU
		{F8C39753-2EF1-4E18-A7A7-9274CB49EAB0}.Debug|x64.Build.0 = Debug|Any CPU
		{F8C39753-2EF1-4E18-A7A7-9274CB49EAB0}.Debug|x86.ActiveCfg = Debug|Any CPU
		{F8C39753-2EF1-4E18-A7A7-9274CB49EAB0}.Debug|x86.Build.0 = Debug|Any CPU
		{F8C39753-2EF1-4E18-A7A7-9274CB49EAB0}.Release|Any CPU.ActiveCfg = Release|Any CPU
		{F8C39753-2EF1-4E18-A7A7-9274CB49EAB0}.Release|Any CPU.Build.0 = Release|Any CPU
		{F8C39753-2EF1-4E18-A7A7-9274CB49EAB0}.Release|x64.ActiveCfg = Release|Any CPU
		{F8C39753-2EF1-4E18-A7A7-9274CB49EAB0}.Release|x64.Build.0 = Release|Any CPU
		{F8C39753-2EF1-4E18-A7A7-9274CB49EAB0}.Release|x86.ActiveCfg = Release|Any CPU
		{F8C39753-2EF1-4E18-A7A7-9274CB49EAB0}.Release|x86.Build.0 = Release|Any CPU
		{A43145D7-01BC-44E7-B2F1-53EA84C06A4C}.Debug|Any CPU.ActiveCfg = Debug|Any CPU
		{A43145D7-01BC-44E7-B2F1-53EA84C06A4C}.Debug|Any CPU.Build.0 = Debug|Any CPU
		{A43145D7-01BC-44E7-B2F1-53EA84C06A4C}.Debug|x64.ActiveCfg = Debug|Any CPU
		{A43145D7-01BC-44E7-B2F1-53EA84C06A4C}.Debug|x64.Build.0 = Debug|Any CPU
		{A43145D7-01BC-44E7-B2F1-53EA84C06A4C}.Debug|x86.ActiveCfg = Debug|Any CPU
		{A43145D7-01BC-44E7-B2F1-53EA84C06A4C}.Debug|x86.Build.0 = Debug|Any CPU
		{A43145D7-01BC-44E7-B2F1-53EA84C06A4C}.Release|Any CPU.ActiveCfg = Release|Any CPU
		{A43145D7-01BC-44E7-B2F1-53EA84C06A4C}.Release|Any CPU.Build.0 = Release|Any CPU
		{A43145D7-01BC-44E7-B2F1-53EA84C06A4C}.Release|x64.ActiveCfg = Release|Any CPU
		{A43145D7-01BC-44E7-B2F1-53EA84C06A4C}.Release|x64.Build.0 = Release|Any CPU
		{A43145D7-01BC-44E7-B2F1-53EA84C06A4C}.Release|x86.ActiveCfg = Release|Any CPU
		{A43145D7-01BC-44E7-B2F1-53EA84C06A4C}.Release|x86.Build.0 = Release|Any CPU
		{7CB90F14-E08C-4CEE-8155-A7CEC0560A70}.Debug|Any CPU.ActiveCfg = Debug|Any CPU
		{7CB90F14-E08C-4CEE-8155-A7CEC0560A70}.Debug|Any CPU.Build.0 = Debug|Any CPU
		{7CB90F14-E08C-4CEE-8155-A7CEC0560A70}.Debug|x64.ActiveCfg = Debug|Any CPU
		{7CB90F14-E08C-4CEE-8155-A7CEC0560A70}.Debug|x64.Build.0 = Debug|Any CPU
		{7CB90F14-E08C-4CEE-8155-A7CEC0560A70}.Debug|x86.ActiveCfg = Debug|Any CPU
		{7CB90F14-E08C-4CEE-8155-A7CEC0560A70}.Debug|x86.Build.0 = Debug|Any CPU
		{7CB90F14-E08C-4CEE-8155-A7CEC0560A70}.Release|Any CPU.ActiveCfg = Release|Any CPU
		{7CB90F14-E08C-4CEE-8155-A7CEC0560A70}.Release|Any CPU.Build.0 = Release|Any CPU
		{7CB90F14-E08C-4CEE-8155-A7CEC0560A70}.Release|x64.ActiveCfg = Release|Any CPU
		{7CB90F14-E08C-4CEE-8155-A7CEC0560A70}.Release|x64.Build.0 = Release|Any CPU
		{7CB90F14-E08C-4CEE-8155-A7CEC0560A70}.Release|x86.ActiveCfg = Release|Any CPU
		{7CB90F14-E08C-4CEE-8155-A7CEC0560A70}.Release|x86.Build.0 = Release|Any CPU
	EndGlobalSection
	GlobalSection(SolutionProperties) = preSolution
		HideSolutionNode = FALSE
	EndGlobalSection
	GlobalSection(NestedProjects) = preSolution
		{0DA7A6BA-9314-4A61-888B-B6ABE4B2A21F} = {827E0CD3-B72D-47B6-A68D-7590B98EB39B}
		{E9FABB31-AC09-436A-96D3-2A5C1D5494F0} = {827E0CD3-B72D-47B6-A68D-7590B98EB39B}
		{78C3ED08-101F-0E49-1314-027D145B7759} = {827E0CD3-B72D-47B6-A68D-7590B98EB39B}
		{022345B6-50CB-422F-92B5-1F400AE70618} = {78C3ED08-101F-0E49-1314-027D145B7759}
		{6C737FA6-10DD-41F5-B042-F15C8D017DE4} = {78C3ED08-101F-0E49-1314-027D145B7759}
		{79B48255-885E-4B5F-BB6C-4BD346640C57} = {78C3ED08-101F-0E49-1314-027D145B7759}
		{F8C39753-2EF1-4E18-A7A7-9274CB49EAB0} = {827E0CD3-B72D-47B6-A68D-7590B98EB39B}
		{A43145D7-01BC-44E7-B2F1-53EA84C06A4C} = {78C3ED08-101F-0E49-1314-027D145B7759}
		{7CB90F14-E08C-4CEE-8155-A7CEC0560A70} = {78C3ED08-101F-0E49-1314-027D145B7759}
	EndGlobalSection
EndGlobal
